#MicroXplorer Configuration settings - do not modify
CAD.formats=
CAD.pinconfig=
CAD.provider=
CORTEX_M7.IPParameters=default_mode_Activation
CORTEX_M7.default_mode_Activation=1
Dma.Request0=USART3_RX
Dma.Request1=USART3_TX
Dma.RequestsNb=2
Dma.USART3_RX.0.Direction=DMA_PERIPH_TO_MEMORY
Dma.USART3_RX.0.EventEnable=DISABLE
Dma.USART3_RX.0.FIFOMode=DMA_FIFOMODE_DISABLE
Dma.USART3_RX.0.Instance=DMA1_Stream0
Dma.USART3_RX.0.MemDataAlignment=DMA_MDATAALIGN_BYTE
Dma.USART3_RX.0.MemInc=DMA_MINC_ENABLE
Dma.USART3_RX.0.Mode=DMA_CIRCULAR
Dma.USART3_RX.0.PeriphDataAlignment=DMA_PDATAALIGN_BYTE
Dma.USART3_RX.0.PeriphInc=DMA_PINC_DISABLE
Dma.USART3_RX.0.Polarity=HAL_DMAMUX_REQ_GEN_RISING
Dma.USART3_RX.0.Priority=DMA_PRIORITY_VERY_HIGH
Dma.USART3_RX.0.RequestNumber=1
Dma.USART3_RX.0.RequestParameters=Instance,Direction,PeriphInc,MemInc,PeriphDataAlignment,MemDataAlignment,Mode,Priority,FIFOMode,SignalID,Polarity,RequestNumber,SyncSignalID,SyncPolarity,SyncEnable,EventEnable,SyncRequestNumber
Dma.USART3_RX.0.SignalID=NONE
Dma.USART3_RX.0.SyncEnable=DISABLE
Dma.USART3_RX.0.SyncPolarity=HAL_DMAMUX_SYNC_NO_EVENT
Dma.USART3_RX.0.SyncRequestNumber=1
Dma.USART3_RX.0.SyncSignalID=NONE
Dma.USART3_TX.1.Direction=DMA_MEMORY_TO_PERIPH
Dma.USART3_TX.1.EventEnable=DISABLE
Dma.USART3_TX.1.FIFOMode=DMA_FIFOMODE_DISABLE
Dma.USART3_TX.1.Instance=DMA1_Stream1
Dma.USART3_TX.1.MemDataAlignment=DMA_MDATAALIGN_BYTE
Dma.USART3_TX.1.MemInc=DMA_MINC_ENABLE
Dma.USART3_TX.1.Mode=DMA_NORMAL
Dma.USART3_TX.1.PeriphDataAlignment=DMA_PDATAALIGN_BYTE
Dma.USART3_TX.1.PeriphInc=DMA_PINC_DISABLE
Dma.USART3_TX.1.Polarity=HAL_DMAMUX_REQ_GEN_RISING
Dma.USART3_TX.1.Priority=DMA_PRIORITY_VERY_HIGH
Dma.USART3_TX.1.RequestNumber=1
Dma.USART3_TX.1.RequestParameters=Instance,Direction,PeriphInc,MemInc,PeriphDataAlignment,MemDataAlignment,Mode,Priority,FIFOMode,SignalID,Polarity,RequestNumber,SyncSignalID,SyncPolarity,SyncEnable,EventEnable,SyncRequestNumber
Dma.USART3_TX.1.SignalID=NONE
Dma.USART3_TX.1.SyncEnable=DISABLE
Dma.USART3_TX.1.SyncPolarity=HAL_DMAMUX_SYNC_NO_EVENT
Dma.USART3_TX.1.SyncRequestNumber=1
Dma.USART3_TX.1.SyncSignalID=NONE
FREERTOS.FootprintOK=true
FREERTOS.IPParameters=Tasks01,FootprintOK
FREERTOS.Tasks01=defaultTask,24,3000,StartDefaultTask,Default,NULL,Dynamic,NULL,NULL
File.Version=6
GPIO.groupedBy=Group By Peripherals
KeepUserPlacement=false
MMTAppRegionsCount=0
MMTConfigApplied=false
Mcu.CPN=STM32H723ZGT6
Mcu.Family=STM32H7
Mcu.IP0=CORTEX_M7
Mcu.IP1=DEBUG
Mcu.IP10=TIM4
Mcu.IP11=TIM5
Mcu.IP12=TIM7
Mcu.IP13=TIM8
Mcu.IP14=TIM12
Mcu.IP15=TIM13
Mcu.IP16=TIM14
Mcu.IP17=TIM15
Mcu.IP18=TIM23
Mcu.IP19=TIM24
Mcu.IP2=DMA
Mcu.IP20=USART3
Mcu.IP3=FREERTOS
Mcu.IP4=MEMORYMAP
Mcu.IP5=NVIC
Mcu.IP6=RCC
Mcu.IP7=SYS
Mcu.IP8=TIM1
Mcu.IP9=TIM3
Mcu.IPNb=21
Mcu.Name=STM32H723ZGTx
Mcu.Package=LQFP144
Mcu.Pin0=PE2
Mcu.Pin1=PE3
Mcu.Pin10=PF3
Mcu.Pin11=PF8
Mcu.Pin12=PF9
Mcu.Pin13=PC0
Mcu.Pin14=PC1
Mcu.Pin15=PA0
Mcu.Pin16=PA1
Mcu.Pin17=PA6
Mcu.Pin18=PA7
Mcu.Pin19=PC4
Mcu.Pin2=PE5
Mcu.Pin20=PC5
Mcu.Pin21=PB2
Mcu.Pin22=PF11
Mcu.Pin23=PF12
Mcu.Pin24=PF13
Mcu.Pin25=PF14
Mcu.Pin26=PG0
Mcu.Pin27=PG1
Mcu.Pin28=PE9
Mcu.Pin29=PE11
Mcu.Pin3=PE6
Mcu.Pin30=PB14
Mcu.Pin31=PB15
Mcu.Pin32=PD8
Mcu.Pin33=PD9
Mcu.Pin34=PD10
Mcu.Pin35=PD11
Mcu.Pin36=PD12
Mcu.Pin37=PD13
Mcu.Pin38=PD14
Mcu.Pin39=PD15
Mcu.Pin4=PC13
Mcu.Pin40=PG2
Mcu.Pin41=PG3
Mcu.Pin42=PG4
Mcu.Pin43=PC6
Mcu.Pin44=PC7
Mcu.Pin45=PC8
Mcu.Pin46=PA13(JTMS/SWDIO)
Mcu.Pin47=PA14(JTCK/SWCLK)
Mcu.Pin48=PD2
Mcu.Pin49=PD3
Mcu.Pin5=PC14-OSC32_IN
Mcu.Pin50=PD4
Mcu.Pin51=PD5
Mcu.Pin52=PD6
Mcu.Pin53=PD7
Mcu.Pin54=VP_FREERTOS_VS_CMSIS_V2
Mcu.Pin55=VP_SYS_VS_tim6
Mcu.Pin56=VP_TIM7_VS_ClockSourceINT
Mcu.Pin57=VP_TIM13_VS_ClockSourceINT
Mcu.Pin58=VP_TIM14_VS_ClockSourceINT
Mcu.Pin59=VP_MEMORYMAP_VS_MEMORYMAP
Mcu.Pin6=PC15-OSC32_OUT
Mcu.Pin7=PF0
Mcu.Pin8=PF1
Mcu.Pin9=PF2
Mcu.PinsNb=60
Mcu.ThirdPartyNb=0
Mcu.UserConstants=
Mcu.UserName=STM32H723ZGTx
MxCube.Version=6.15.0
MxDb.Version=DB.6.0.150
NVIC.BusFault_IRQn=true\:0\:0\:false\:false\:true\:false\:false\:false\:false
NVIC.DMA1_Stream0_IRQn=true\:5\:0\:false\:false\:true\:true\:false\:true\:true
NVIC.DMA1_Stream1_IRQn=true\:5\:0\:false\:false\:true\:true\:false\:true\:true
NVIC.DebugMonitor_IRQn=true\:0\:0\:false\:false\:true\:false\:false\:false\:false
NVIC.EXTI0_IRQn=true\:5\:0\:false\:false\:true\:true\:true\:true\:true
NVIC.EXTI15_10_IRQn=true\:5\:0\:false\:false\:true\:true\:true\:true\:true
NVIC.EXTI1_IRQn=true\:5\:0\:false\:false\:true\:true\:true\:true\:true
NVIC.EXTI2_IRQn=true\:5\:0\:false\:false\:true\:true\:true\:true\:true
NVIC.EXTI3_IRQn=true\:5\:0\:false\:false\:true\:true\:true\:true\:true
NVIC.ForceEnableDMAVector=true
NVIC.HardFault_IRQn=true\:0\:0\:false\:false\:true\:false\:false\:false\:false
NVIC.MemoryManagement_IRQn=true\:0\:0\:false\:false\:true\:false\:false\:false\:false
NVIC.NonMaskableInt_IRQn=true\:0\:0\:false\:false\:true\:false\:false\:false\:false
NVIC.PendSV_IRQn=true\:15\:0\:false\:false\:false\:true\:false\:false\:false
NVIC.PriorityGroup=NVIC_PRIORITYGROUP_4
NVIC.SVCall_IRQn=true\:0\:0\:false\:false\:false\:false\:false\:false\:false
NVIC.SavedPendsvIrqHandlerGenerated=true
NVIC.SavedSvcallIrqHandlerGenerated=true
NVIC.SavedSystickIrqHandlerGenerated=true
NVIC.SysTick_IRQn=true\:15\:0\:false\:false\:false\:true\:false\:true\:false
NVIC.TIM6_DAC_IRQn=true\:15\:0\:false\:false\:true\:false\:false\:true\:true
NVIC.TIM7_IRQn=true\:5\:0\:false\:false\:true\:true\:true\:true\:true
NVIC.TimeBase=TIM6_DAC_IRQn
NVIC.TimeBaseIP=TIM6
NVIC.USART3_IRQn=true\:5\:0\:false\:false\:true\:true\:true\:true\:true
NVIC.UsageFault_IRQn=true\:0\:0\:false\:false\:true\:false\:false\:false\:false
PA0.Signal=S_TIM5_CH1
PA1.Signal=S_TIM5_CH2
PA13(JTMS/SWDIO).Mode=Serial_Wire
PA13(JTMS/SWDIO).Signal=DEBUG_JTMS-SWDIO
PA14(JTCK/SWCLK).Mode=Serial_Wire
PA14(JTCK/SWCLK).Signal=DEBUG_JTCK-SWCLK
PA6.Signal=S_TIM3_CH1
PA7.Signal=S_TIM3_CH2
PB14.Signal=S_TIM12_CH1
PB15.Signal=S_TIM12_CH2
PB2.GPIOParameters=GPIO_PuPd,GPIO_ModeDefaultEXTI
PB2.GPIO_ModeDefaultEXTI=GPIO_MODE_IT_FALLING
PB2.GPIO_PuPd=GPIO_PULLUP
PB2.Locked=true
PB2.Signal=GPXTI2
PC0.GPIOParameters=GPIO_PuPd,GPIO_ModeDefaultEXTI
PC0.GPIO_ModeDefaultEXTI=GPIO_MODE_IT_FALLING
PC0.GPIO_PuPd=GPIO_PULLUP
PC0.Locked=true
PC0.Signal=GPXTI0
PC1.GPIOParameters=GPIO_PuPd,GPIO_ModeDefaultEXTI
PC1.GPIO_ModeDefaultEXTI=GPIO_MODE_IT_FALLING
PC1.GPIO_PuPd=GPIO_PULLUP
PC1.Locked=true
PC1.Signal=GPXTI1
PC13.GPIOParameters=GPIO_PuPd,GPIO_ModeDefaultEXTI
PC13.GPIO_ModeDefaultEXTI=GPIO_MODE_IT_FALLING
PC13.GPIO_PuPd=GPIO_PULLUP
PC13.Locked=true
PC13.Signal=GPXTI13
PC14-OSC32_IN.Mode=LSE-External-Oscillator
PC14-OSC32_IN.Signal=RCC_OSC32_IN
PC15-OSC32_OUT.Mode=LSE-External-Oscillator
PC15-OSC32_OUT.Signal=RCC_OSC32_OUT
PC4.GPIOParameters=GPIO_PuPd,GPIO_ModeDefaultEXTI
PC4.GPIO_ModeDefaultEXTI=GPIO_MODE_IT_FALLING
PC4.GPIO_PuPd=GPIO_PULLUP
PC4.Locked=true
PC4.Signal=GPXTI4
PC5.GPIOParameters=GPIO_PuPd,GPIO_ModeDefaultEXTI
PC5.GPIO_ModeDefaultEXTI=GPIO_MODE_IT_FALLING
PC5.GPIO_PuPd=GPIO_PULLUP
PC5.Locked=true
PC5.Signal=GPXTI5
PC6.Signal=S_TIM8_CH1
PC7.Signal=S_TIM8_CH2
PC8.GPIOParameters=GPIO_PuPd,GPIO_ModeDefaultEXTI
PC8.GPIO_ModeDefaultEXTI=GPIO_MODE_IT_FALLING
PC8.GPIO_PuPd=GPIO_PULLUP
PC8.Locked=true
PC8.Signal=GPXTI8
PD10.GPIOParameters=GPIO_PuPd,GPIO_ModeDefaultEXTI
PD10.GPIO_ModeDefaultEXTI=GPIO_MODE_IT_FALLING
PD10.GPIO_PuPd=GPIO_PULLUP
PD10.Locked=true
PD10.Signal=GPXTI10
PD11.GPIOParameters=GPIO_PuPd,GPIO_ModeDefaultEXTI
PD11.GPIO_ModeDefaultEXTI=GPIO_MODE_IT_FALLING
PD11.GPIO_PuPd=GPIO_PULLUP
PD11.Locked=true
PD11.Signal=GPXTI11
PD12.Signal=S_TIM4_CH1
PD13.Signal=S_TIM4_CH2
PD14.GPIOParameters=GPIO_PuPd,GPIO_ModeDefaultEXTI
PD14.GPIO_ModeDefaultEXTI=GPIO_MODE_IT_FALLING
PD14.GPIO_PuPd=GPIO_PULLUP
PD14.Locked=true
PD14.Signal=GPXTI14
PD15.GPIOParameters=GPIO_PuPd,GPIO_ModeDefaultEXTI
PD15.GPIO_ModeDefaultEXTI=GPIO_MODE_IT_FALLING
PD15.GPIO_PuPd=GPIO_PULLUP
PD15.Locked=true
PD15.Signal=GPXTI15
PD2.Locked=true
PD2.Signal=GPIO_Output
PD3.Locked=true
PD3.Signal=GPIO_Output
PD4.Locked=true
PD4.Signal=GPIO_Output
PD5.Locked=true
PD5.Signal=GPIO_Output
PD6.Locked=true
PD6.Signal=GPIO_Output
PD7.Locked=true
PD7.Signal=GPIO_Output
PD8.Locked=true
PD8.Mode=Asynchronous
PD8.Signal=USART3_TX
PD9.Locked=true
PD9.Mode=Asynchronous
PD9.Signal=USART3_RX
PE11.Signal=S_TIM1_CH2
PE2.Locked=true
PE2.Signal=GPIO_Output
PE3.GPIOParameters=GPIO_PuPd,GPIO_ModeDefaultEXTI
PE3.GPIO_ModeDefaultEXTI=GPIO_MODE_IT_FALLING
PE3.GPIO_PuPd=GPIO_PULLUP
PE3.Locked=true
PE3.Signal=GPXTI3
PE5.Signal=S_TIM15_CH1
PE6.Signal=S_TIM15_CH2
PE9.Signal=S_TIM1_CH1
PF0.Mode=PWM Generation1 CH1
PF0.Signal=TIM23_CH1
PF1.Signal=S_TIM23_CH2
PF11.Mode=PWM Generation1 CH1
PF11.Signal=TIM24_CH1
PF12.Signal=S_TIM24_CH2
PF13.Signal=S_TIM24_CH3
PF14.Signal=S_TIM24_CH4
PF2.Signal=S_TIM23_CH3
PF3.Signal=S_TIM23_CH4
PF8.Signal=S_TIM13_CH1
PF9.Signal=S_TIM14_CH1
PG0.Locked=true
PG0.Signal=GPIO_Output
PG1.Locked=true
PG1.Signal=GPIO_Output
PG2.Locked=true
PG2.Signal=GPIO_Output
PG3.Locked=true
PG3.Signal=GPIO_Output
PG4.Locked=true
PG4.Signal=GPIO_Output
PinOutPanel.RotationAngle=0
ProjectManager.AskForMigrate=true
ProjectManager.BackupPrevious=false
ProjectManager.CompilerLinker=GCC
ProjectManager.CompilerOptimize=6
ProjectManager.ComputerToolchain=false
ProjectManager.CoupleFile=false
ProjectManager.CustomerFirmwarePackage=
ProjectManager.DefaultFWLocation=true
ProjectManager.DeletePrevious=true
ProjectManager.DeviceId=STM32H723ZGTx
ProjectManager.FirmwarePackage=STM32Cube FW_H7 V1.12.1
ProjectManager.FreePins=false
ProjectManager.HalAssertFull=false
ProjectManager.HeapSize=0x200
ProjectManager.KeepUserCode=true
ProjectManager.LastFirmware=true
ProjectManager.LibraryCopy=1
ProjectManager.MainLocation=Core/Src
ProjectManager.NoMain=false
ProjectManager.PreviousToolchain=
ProjectManager.ProjectBuild=false
ProjectManager.ProjectFileName=h7_test.ioc
ProjectManager.ProjectName=h7_test
ProjectManager.ProjectStructure=
ProjectManager.RegisterCallBack=
ProjectManager.StackSize=0x400
ProjectManager.TargetToolchain=STM32CubeIDE
ProjectManager.ToolChainLocation=
ProjectManager.UAScriptAfterPath=
ProjectManager.UAScriptBeforePath=
ProjectManager.UnderRoot=true
ProjectManager.functionlistsort=1-SystemClock_Config-RCC-false-HAL-false,2-MX_GPIO_Init-GPIO-false-HAL-true,3-MX_DMA_Init-DMA-false-HAL-true,4-MX_TIM5_Init-TIM5-false-HAL-true,5-MX_USART3_UART_Init-USART3-false-HAL-true,6-MX_TIM1_Init-TIM1-false-HAL-true,7-MX_TIM3_Init-TIM3-false-HAL-true,8-MX_TIM4_Init-TIM4-false-HAL-true,9-MX_TIM8_Init-TIM8-false-HAL-true,10-MX_TIM7_Init-TIM7-false-HAL-true,11-MX_TIM12_Init-TIM12-false-HAL-true,12-MX_TIM13_Init-TIM13-false-HAL-true,13-MX_TIM14_Init-TIM14-false-HAL-true,14-MX_TIM15_Init-TIM15-false-HAL-true,15-MX_TIM23_Init-TIM23-false-HAL-true,16-MX_TIM24_Init-TIM24-false-HAL-true,0-MX_CORTEX_M7_Init-CORTEX_M7-false-HAL-true
RCC.ADCFreq_Value=129000000
RCC.AHB12Freq_Value=180000000
RCC.AHB4Freq_Value=180000000
RCC.APB1Freq_Value=90000000
RCC.APB2Freq_Value=90000000
RCC.APB3Freq_Value=90000000
RCC.APB4Freq_Value=90000000
RCC.AXIClockFreq_Value=180000000
RCC.CECFreq_Value=32000
RCC.CKPERFreq_Value=64000000
RCC.CortexFreq_Value=180000000
RCC.CpuClockFreq_Value=180000000
RCC.D1CPRE=RCC_SYSCLK_DIV2
RCC.D1CPREFreq_Value=180000000
RCC.D1PPRE=RCC_APB3_DIV2
RCC.D2PPRE1=RCC_APB1_DIV2
RCC.D2PPRE2=RCC_APB2_DIV2
RCC.D3PPRE=RCC_APB4_DIV2
RCC.DFSDMACLkFreq_Value=180000000
RCC.DFSDMFreq_Value=90000000
RCC.DIVM1=4
RCC.DIVN1=22
RCC.DIVP1=1
RCC.DIVP1Freq_Value=360000000
RCC.DIVP2Freq_Value=129000000
RCC.DIVP3Freq_Value=129000000
RCC.DIVQ1Freq_Value=180000000
RCC.DIVQ2Freq_Value=129000000
RCC.DIVQ3Freq_Value=129000000
RCC.DIVR1Freq_Value=180000000
RCC.DIVR2Freq_Value=129000000
RCC.DIVR3Freq_Value=129000000
RCC.FDCANFreq_Value=180000000
RCC.FMCFreq_Value=180000000
RCC.FamilyName=M
RCC.HCLK3ClockFreq_Value=180000000
RCC.HCLKFreq_Value=180000000
RCC.I2C123Freq_Value=90000000
RCC.I2C4Freq_Value=90000000
RCC.IPParameters=ADCFreq_Value,AHB12Freq_Value,AHB4Freq_Value,APB1Freq_Value,APB2Freq_Value,APB3Freq_Value,APB4Freq_Value,AXIClockFreq_Value,CECFreq_Value,CKPERFreq_Value,CortexFreq_Value,CpuClockFreq_Value,D1CPRE,D1CPREFreq_Value,D1PPRE,D2PPRE1,D2PPRE2,D3PPRE,DFSDMACLkFreq_Value,DFSDMFreq_Value,DIVM1,DIVN1,DIVP1,DIVP1Freq_Value,DIVP2Freq_Value,DIVP3Freq_Value,DIVQ1Freq_Value,DIVQ2Freq_Value,DIVQ3Freq_Value,DIVR1Freq_Value,DIVR2Freq_Value,DIVR3Freq_Value,FDCANFreq_Value,FMCFreq_Value,FamilyName,HCLK3ClockFreq_Value,HCLKFreq_Value,I2C123Freq_Value,I2C4Freq_Value,LPTIM1Freq_Value,LPTIM2Freq_Value,LPTIM345Freq_Value,LPUART1Freq_Value,LTDCFreq_Value,MCO1PinFreq_Value,MCO2PinFreq_Value,PLL2FRACN,PLL3FRACN,PLLFRACN,QSPIFreq_Value,RNGFreq_Value,RTCFreq_Value,SAI1Freq_Value,SAI4AFreq_Value,SAI4BFreq_Value,SDMMCFreq_Value,SPDIFRXFreq_Value,SPI123Freq_Value,SPI45Freq_Value,SPI6Freq_Value,SWPMI1Freq_Value,SYSCLKFreq_VALUE,SYSCLKSource,Tim1OutputFreq_Value,Tim2OutputFreq_Value,TraceFreq_Value,USART16Freq_Value,USART234578Freq_Value,USBFreq_Value,VCO1OutputFreq_Value,VCO2OutputFreq_Value,VCO3OutputFreq_Value,VCOInput1Freq_Value,VCOInput2Freq_Value,VCOInput3Freq_Value
RCC.LPTIM1Freq_Value=90000000
RCC.LPTIM2Freq_Value=90000000
RCC.LPTIM345Freq_Value=90000000
RCC.LPUART1Freq_Value=90000000
RCC.LTDCFreq_Value=129000000
RCC.MCO1PinFreq_Value=64000000
RCC.MCO2PinFreq_Value=360000000
RCC.PLL2FRACN=0
RCC.PLL3FRACN=0
RCC.PLLFRACN=4096
RCC.QSPIFreq_Value=180000000
RCC.RNGFreq_Value=48000000
RCC.RTCFreq_Value=32000
RCC.SAI1Freq_Value=180000000
RCC.SAI4AFreq_Value=180000000
RCC.SAI4BFreq_Value=180000000
RCC.SDMMCFreq_Value=180000000
RCC.SPDIFRXFreq_Value=180000000
RCC.SPI123Freq_Value=180000000
RCC.SPI45Freq_Value=90000000
RCC.SPI6Freq_Value=90000000
RCC.SWPMI1Freq_Value=90000000
RCC.SYSCLKFreq_VALUE=360000000
RCC.SYSCLKSource=RCC_SYSCLKSOURCE_PLLCLK
RCC.Tim1OutputFreq_Value=180000000
RCC.Tim2OutputFreq_Value=180000000
RCC.TraceFreq_Value=180000000
RCC.USART16Freq_Value=90000000
RCC.USART234578Freq_Value=90000000
RCC.USBFreq_Value=180000000
RCC.VCO1OutputFreq_Value=360000000
RCC.VCO2OutputFreq_Value=258000000
RCC.VCO3OutputFreq_Value=258000000
RCC.VCOInput1Freq_Value=16000000
RCC.VCOInput2Freq_Value=2000000
RCC.VCOInput3Freq_Value=2000000
SH.GPXTI0.0=GPIO_EXTI0
SH.GPXTI0.ConfNb=1
SH.GPXTI1.0=GPIO_EXTI1
SH.GPXTI1.ConfNb=1
SH.GPXTI10.0=GPIO_EXTI10
SH.GPXTI10.ConfNb=1
SH.GPXTI11.0=GPIO_EXTI11
SH.GPXTI11.ConfNb=1
SH.GPXTI13.0=GPIO_EXTI13
SH.GPXTI13.ConfNb=1
SH.GPXTI14.0=GPIO_EXTI14
SH.GPXTI14.ConfNb=1
SH.GPXTI15.0=GPIO_EXTI15
SH.GPXTI15.ConfNb=1
SH.GPXTI2.0=GPIO_EXTI2
SH.GPXTI2.ConfNb=1
SH.GPXTI3.0=GPIO_EXTI3
SH.GPXTI3.ConfNb=1
SH.GPXTI4.0=GPIO_EXTI4
SH.GPXTI4.ConfNb=1
SH.GPXTI5.0=GPIO_EXTI5
SH.GPXTI5.ConfNb=1
SH.GPXTI8.0=GPIO_EXTI8
SH.GPXTI8.ConfNb=1
SH.S_TIM12_CH1.0=TIM12_CH1,PWM Generation1 CH1
SH.S_TIM12_CH1.ConfNb=1
SH.S_TIM12_CH2.0=TIM12_CH2,PWM Generation2 CH2
SH.S_TIM12_CH2.ConfNb=1
SH.S_TIM13_CH1.0=TIM13_CH1,PWM Generation1 CH1
SH.S_TIM13_CH1.ConfNb=1
SH.S_TIM14_CH1.0=TIM14_CH1,PWM Generation1 CH1
SH.S_TIM14_CH1.ConfNb=1
SH.S_TIM15_CH1.0=TIM15_CH1,PWM Generation1 CH1
SH.S_TIM15_CH1.ConfNb=1
SH.S_TIM15_CH2.0=TIM15_CH2,PWM Generation2 CH2
SH.S_TIM15_CH2.ConfNb=1
SH.S_TIM1_CH1.0=TIM1_CH1,Encoder_Interface
SH.S_TIM1_CH1.ConfNb=1
SH.S_TIM1_CH2.0=TIM1_CH2,Encoder_Interface
SH.S_TIM1_CH2.ConfNb=1
SH.S_TIM23_CH2.0=TIM23_CH2,PWM Generation2 CH2
SH.S_TIM23_CH2.ConfNb=1
SH.S_TIM23_CH3.0=TIM23_CH3,PWM Generation3 CH3
SH.S_TIM23_CH3.ConfNb=1
SH.S_TIM23_CH4.0=TIM23_CH4,PWM Generation4 CH4
SH.S_TIM23_CH4.ConfNb=1
SH.S_TIM24_CH2.0=TIM24_CH2,PWM Generation2 CH2
SH.S_TIM24_CH2.ConfNb=1
SH.S_TIM24_CH3.0=TIM24_CH3,PWM Generation3 CH3
SH.S_TIM24_CH3.ConfNb=1
SH.S_TIM24_CH4.0=TIM24_CH4,PWM Generation4 CH4
SH.S_TIM24_CH4.ConfNb=1
SH.S_TIM3_CH1.0=TIM3_CH1,Encoder_Interface
SH.S_TIM3_CH1.ConfNb=1
SH.S_TIM3_CH2.0=TIM3_CH2,Encoder_Interface
SH.S_TIM3_CH2.ConfNb=1
SH.S_TIM4_CH1.0=TIM4_CH1,Encoder_Interface
SH.S_TIM4_CH1.ConfNb=1
SH.S_TIM4_CH2.0=TIM4_CH2,Encoder_Interface
SH.S_TIM4_CH2.ConfNb=1
SH.S_TIM5_CH1.0=TIM5_CH1,Encoder_Interface
SH.S_TIM5_CH1.ConfNb=1
SH.S_TIM5_CH2.0=TIM5_CH2,Encoder_Interface
SH.S_TIM5_CH2.ConfNb=1
SH.S_TIM8_CH1.0=TIM8_CH1,Encoder_Interface
SH.S_TIM8_CH1.ConfNb=1
SH.S_TIM8_CH2.0=TIM8_CH2,Encoder_Interface
SH.S_TIM8_CH2.ConfNb=1
TIM1.IC1Filter=8
TIM1.IC2Filter=8
TIM1.IPParameters=Period,IC1Filter,IC2Filter
TIM1.IPParametersWithoutCheck=Period
TIM1.Period=65535
TIM12.Channel-PWM\ Generation1\ CH1=TIM_CHANNEL_1
TIM12.Channel-PWM\ Generation2\ CH2=TIM_CHANNEL_2
TIM12.IPParameters=Channel-PWM Generation2 CH2,Channel-PWM Generation1 CH1,Prescaler,Period
TIM12.Period=20000-1
TIM12.Prescaler=180-1
TIM13.Channel=TIM_CHANNEL_1
TIM13.IPParameters=Channel,Prescaler,Period
TIM13.Period=1000-1
TIM13.Prescaler=18-1
TIM14.Channel=TIM_CHANNEL_1
TIM14.IPParameters=Channel
TIM15.Channel-PWM\ Generation1\ CH1=TIM_CHANNEL_1
TIM15.Channel-PWM\ Generation2\ CH2=TIM_CHANNEL_2
TIM15.IPParameters=Channel-PWM Generation1 CH1,Channel-PWM Generation2 CH2,Prescaler,Period
TIM15.Period=20000-1
TIM15.Prescaler=180-1
TIM23.Channel-PWM\ Generation1\ CH1=TIM_CHANNEL_1
TIM23.Channel-PWM\ Generation2\ CH2=TIM_CHANNEL_2
TIM23.Channel-PWM\ Generation3\ CH3=TIM_CHANNEL_3
TIM23.Channel-PWM\ Generation4\ CH4=TIM_CHANNEL_4
TIM23.IPParameters=Channel-PWM Generation1 CH1,Channel-PWM Generation2 CH2,Channel-PWM Generation3 CH3,Channel-PWM Generation4 CH4,Prescaler,Period
TIM23.Period=1000-1
TIM23.Prescaler=18-1
TIM24.Channel-PWM\ Generation1\ CH1=TIM_CHANNEL_1
TIM24.Channel-PWM\ Generation2\ CH2=TIM_CHANNEL_2
TIM24.Channel-PWM\ Generation3\ CH3=TIM_CHANNEL_3
TIM24.Channel-PWM\ Generation4\ CH4=TIM_CHANNEL_4
TIM24.IPParameters=Channel-PWM Generation4 CH4,Channel-PWM Generation3 CH3,Channel-PWM Generation2 CH2,Channel-PWM Generation1 CH1,Prescaler,Period
TIM24.Period=20000-1
TIM24.Prescaler=180-1
TIM3.IC1Filter=8
TIM3.IC2Filter=8
TIM3.IPParameters=IC1Filter,IC2Filter
TIM4.IC1Filter=8
TIM4.IC2Filter=8
TIM4.IPParameters=IC1Filter,IC2Filter
TIM5.EncoderMode=TIM_ENCODERMODE_TI1
TIM5.IC1Filter=8
TIM5.IC2Filter=8
TIM5.IPParameters=EncoderMode,IC1Filter,IC2Filter
TIM7.IPParameters=Prescaler,Period
TIM7.Period=1000-1
TIM7.Prescaler=180-1
TIM8.EncoderMode=TIM_ENCODERMODE_TI1
TIM8.IC1Filter=8
TIM8.IC2Filter=8
TIM8.IPParameters=EncoderMode,Prescaler,Period,IC1Filter,IC2Filter
TIM8.Period=65535
TIM8.Prescaler=0
USART3.BaudRate=921600
USART3.IPParameters=VirtualMode-Asynchronous,BaudRate
USART3.VirtualMode-Asynchronous=VM_ASYNC
VP_FREERTOS_VS_CMSIS_V2.Mode=CMSIS_V2
VP_FREERTOS_VS_CMSIS_V2.Signal=FREERTOS_VS_CMSIS_V2
VP_MEMORYMAP_VS_MEMORYMAP.Mode=CurAppReg
VP_MEMORYMAP_VS_MEMORYMAP.Signal=MEMORYMAP_VS_MEMORYMAP
VP_SYS_VS_tim6.Mode=TIM6
VP_SYS_VS_tim6.Signal=SYS_VS_tim6
VP_TIM13_VS_ClockSourceINT.Mode=Enable_Timer
VP_TIM13_VS_ClockSourceINT.Signal=TIM13_VS_ClockSourceINT
VP_TIM14_VS_ClockSourceINT.Mode=Enable_Timer
VP_TIM14_VS_ClockSourceINT.Signal=TIM14_VS_ClockSourceINT
VP_TIM7_VS_ClockSourceINT.Mode=Enable_Timer
VP_TIM7_VS_ClockSourceINT.Signal=TIM7_VS_ClockSourceINT
board=custom
rtos.0.ip=FREERTOS
isbadioc=false
